
Microsoft Visual Studio Solution File, Format Version 12.00
# Visual Studio Version 17
VisualStudioVersion = 17.12.35514.174
MinimumVisualStudioVersion = 10.0.40219.1
Project("{FAE04EC0-301F-11D3-BF4B-00C04F79EFBC}") = "FirstMVCApplication", "FirstMVCApplication\FirstMVCApplication.csproj", "{76E0E69D-469B-4B9F-ADC5-EBBA1901EDA9}"
EndProject
Project("{FAE04EC0-301F-11D3-BF4B-00C04F79EFBC}") = "MVCApplication", "..\MVCApplication\MVCApplication.csproj", "{B95929B4-7F57-47B5-A800-C4C0410C5955}"
EndProject
Project("{FAE04EC0-301F-11D3-BF4B-00C04F79EFBC}") = "AttributeRouting", "..\AttributeRouting\AttributeRouting.csproj", "{0B0959AB-5A1F-4501-AB47-DFAD106A27DA}"
EndProject
Global
	GlobalSection(SolutionConfigurationPlatforms) = preSolution
		Debug|Any CPU = Debug|Any CPU
		Release|Any CPU = Release|Any CPU
	EndGlobalSection
	GlobalSection(ProjectConfigurationPlatforms) = postSolution
		{76E0E69D-469B-4B9F-ADC5-EBBA1901EDA9}.Debug|Any CPU.ActiveCfg = Debug|Any CPU
		{76E0E69D-469B-4B9F-ADC5-EBBA1901EDA9}.Debug|Any CPU.Build.0 = Debug|Any CPU
		{76E0E69D-469B-4B9F-ADC5-EBBA1901EDA9}.Release|Any CPU.ActiveCfg = Release|Any CPU
		{76E0E69D-469B-4B9F-ADC5-EBBA1901EDA9}.Release|Any CPU.Build.0 = Release|Any CPU
		{B95929B4-7F57-47B5-A800-C4C0410C5955}.Debug|Any CPU.ActiveCfg = Debug|Any CPU
		{B95929B4-7F57-47B5-A800-C4C0410C5955}.Debug|Any CPU.Build.0 = Debug|Any CPU
		{B95929B4-7F57-47B5-A800-C4C0410C5955}.Release|Any CPU.ActiveCfg = Release|Any CPU
		{B95929B4-7F57-47B5-A800-C4C0410C5955}.Release|Any CPU.Build.0 = Release|Any CPU
		{0B0959AB-5A1F-4501-AB47-DFAD106A27DA}.Debug|Any CPU.ActiveCfg = Debug|Any CPU
		{0B0959AB-5A1F-4501-AB47-DFAD106A27DA}.Debug|Any CPU.Build.0 = Debug|Any CPU
		{0B0959AB-5A1F-4501-AB47-DFAD106A27DA}.Release|Any CPU.ActiveCfg = Release|Any CPU
		{0B0959AB-5A1F-4501-AB47-DFAD106A27DA}.Release|Any CPU.Build.0 = Release|Any CPU
	EndGlobalSection
	GlobalSection(SolutionProperties) = preSolution
		HideSolutionNode = FALSE
	EndGlobalSection
EndGlobal
